
Microsoft Visual Studio Solution File, Format Version 12.00
# Visual Studio Version 16
VisualStudioVersion = 16.0.31605.320
MinimumVisualStudioVersion = 10.0.40219.1
Project("{FAE04EC0-301F-11D3-BF4B-00C04F79EFBC}") = "SimpleMVCCalculator", "SimpleMVCCalculator\SimpleMVCCalculator.csproj", "{139058D9-FC9A-4C5E-9EEF-9B6C87EF1728}"
EndProject
Global
	GlobalSection(SolutionConfigurationPlatforms) = preSolution
		Debug|Any CPU = Debug|Any CPU
		Release|Any CPU = Release|Any CPU
	EndGlobalSection
	GlobalSection(ProjectConfigurationPlatforms) = postSolution
		{139058D9-FC9A-4C5E-9EEF-9B6C87EF1728}.Debug|Any CPU.ActiveCfg = Debug|Any CPU
		{139058D9-FC9A-4C5E-9EEF-9B6C87EF1728}.Debug|Any CPU.Build.0 = Debug|Any CPU
		{139058D9-FC9A-4C5E-9EEF-9B6C87EF1728}.Release|Any CPU.ActiveCfg = Release|Any CPU
		{139058D9-FC9A-4C5E-9EEF-9B6C87EF1728}.Release|Any CPU.Build.0 = Release|Any CPU
	EndGlobalSection
	GlobalSection(SolutionProperties) = preSolution
		HideSolutionNode = FALSE
	EndGlobalSection
	GlobalSection(ExtensibilityGlobals) = postSolution
		SolutionGuid = {C0D73729-8EFD-4166-918E-23E4A8A1D52A}
	EndGlobalSection
EndGlobal
